
Microsoft Visual Studio Solution File, Format Version 12.00
# Visual Studio Version 17
VisualStudioVersion = 17.9.34728.123
MinimumVisualStudioVersion = 10.0.40219.1
Project("{FAE04EC0-301F-11D3-BF4B-00C04F79EFBC}") = "CuoiKiLTC", "CuoiKiLTC.csproj", "{65DED231-3068-4426-A8A3-67C06A315AF2}"
EndProject
Global
	GlobalSection(SolutionConfigurationPlatforms) = preSolution
		Debug|Any CPU = Debug|Any CPU
		Release|Any CPU = Release|Any CPU
	EndGlobalSection
	GlobalSection(ProjectConfigurationPlatforms) = postSolution
		{65DED231-3068-4426-A8A3-67C06A315AF2}.Debug|Any CPU.ActiveCfg = Debug|Any CPU
		{65DED231-3068-4426-A8A3-67C06A315AF2}.Debug|Any CPU.Build.0 = Debug|Any CPU
		{65DED231-3068-4426-A8A3-67C06A315AF2}.Release|Any CPU.ActiveCfg = Release|Any CPU
		{65DED231-3068-4426-A8A3-67C06A315AF2}.Release|Any CPU.Build.0 = Release|Any CPU
	EndGlobalSection
	GlobalSection(SolutionProperties) = preSolution
		HideSolutionNode = FALSE
	EndGlobalSection
	GlobalSection(ExtensibilityGlobals) = postSolution
		SolutionGuid = {D3C3E762-6490-44F1-8FC2-9986D82AC4B5}
	EndGlobalSection
EndGlobal
